
Microsoft Visual Studio Solution File, Format Version 12.00
# Visual Studio Version 17
VisualStudioVersion = 17.14.36127.28 d17.14
MinimumVisualStudioVersion = 10.0.40219.1
Project("{FAE04EC0-301F-11D3-BF4B-00C04F79EFBC}") = "Inventory.Web", "Inventory.Web\Inventory.Web.csproj", "{87033B13-4AD6-4AA0-BD5A-1B97EF9E0E33}"
EndProject
Project("{FAE04EC0-301F-11D3-BF4B-00C04F79EFBC}") = "Inventory.Repository", "Inventory.Repository\Inventory.Repository.csproj", "{9F01B462-E5AC-4BBB-953E-5ACFC15F4CDC}"
EndProject
Project("{FAE04EC0-301F-11D3-BF4B-00C04F79EFBC}") = "Inventory.Model", "Inventory.Model\Inventory.Model.csproj", "{71A3D18C-D00C-4F56-8242-A70468250B48}"
EndProject
Project("{FAE04EC0-301F-11D3-BF4B-00C04F79EFBC}") = "Inventory.Service", "Inventory.Service\Inventory.Service.csproj", "{9A7FADF5-92D5-406E-8515-1C3EE57FBA69}"
EndProject
Project("{FAE04EC0-301F-11D3-BF4B-00C04F79EFBC}") = "Inventory.Utility", "Inventory.Utility\Inventory.Utility.csproj", "{79102498-DEF7-461A-B9EC-A3985FD71E11}"
EndProject
Global
	GlobalSection(SolutionConfigurationPlatforms) = preSolution
		Debug|Any CPU = Debug|Any CPU
		Release|Any CPU = Release|Any CPU
	EndGlobalSection
	GlobalSection(ProjectConfigurationPlatforms) = postSolution
		{87033B13-4AD6-4AA0-BD5A-1B97EF9E0E33}.Debug|Any CPU.ActiveCfg = Debug|Any CPU
		{87033B13-4AD6-4AA0-BD5A-1B97EF9E0E33}.Debug|Any CPU.Build.0 = Debug|Any CPU
		{87033B13-4AD6-4AA0-BD5A-1B97EF9E0E33}.Release|Any CPU.ActiveCfg = Release|Any CPU
		{87033B13-4AD6-4AA0-BD5A-1B97EF9E0E33}.Release|Any CPU.Build.0 = Release|Any CPU
		{9F01B462-E5AC-4BBB-953E-5ACFC15F4CDC}.Debug|Any CPU.ActiveCfg = Debug|Any CPU
		{9F01B462-E5AC-4BBB-953E-5ACFC15F4CDC}.Debug|Any CPU.Build.0 = Debug|Any CPU
		{9F01B462-E5AC-4BBB-953E-5ACFC15F4CDC}.Release|Any CPU.ActiveCfg = Release|Any CPU
		{9F01B462-E5AC-4BBB-953E-5ACFC15F4CDC}.Release|Any CPU.Build.0 = Release|Any CPU
		{71A3D18C-D00C-4F56-8242-A70468250B48}.Debug|Any CPU.ActiveCfg = Debug|Any CPU
		{71A3D18C-D00C-4F56-8242-A70468250B48}.Debug|Any CPU.Build.0 = Debug|Any CPU
		{71A3D18C-D00C-4F56-8242-A70468250B48}.Release|Any CPU.ActiveCfg = Release|Any CPU
		{71A3D18C-D00C-4F56-8242-A70468250B48}.Release|Any CPU.Build.0 = Release|Any CPU
		{9A7FADF5-92D5-406E-8515-1C3EE57FBA69}.Debug|Any CPU.ActiveCfg = Debug|Any CPU
		{9A7FADF5-92D5-406E-8515-1C3EE57FBA69}.Debug|Any CPU.Build.0 = Debug|Any CPU
		{9A7FADF5-92D5-406E-8515-1C3EE57FBA69}.Release|Any CPU.ActiveCfg = Release|Any CPU
		{9A7FADF5-92D5-406E-8515-1C3EE57FBA69}.Release|Any CPU.Build.0 = Release|Any CPU
		{79102498-DEF7-461A-B9EC-A3985FD71E11}.Debug|Any CPU.ActiveCfg = Debug|Any CPU
		{79102498-DEF7-461A-B9EC-A3985FD71E11}.Debug|Any CPU.Build.0 = Debug|Any CPU
		{79102498-DEF7-461A-B9EC-A3985FD71E11}.Release|Any CPU.ActiveCfg = Release|Any CPU
		{79102498-DEF7-461A-B9EC-A3985FD71E11}.Release|Any CPU.Build.0 = Release|Any CPU
	EndGlobalSection
	GlobalSection(SolutionProperties) = preSolution
		HideSolutionNode = FALSE
	EndGlobalSection
	GlobalSection(ExtensibilityGlobals) = postSolution
		SolutionGuid = {B70A1CD4-4079-4452-9E16-D5A43B6DD6FC}
	EndGlobalSection
EndGlobal
